
Microsoft Visual Studio Solution File, Format Version 12.00
# Visual Studio Version 17
VisualStudioVersion = 17.6.33815.320
MinimumVisualStudioVersion = 10.0.40219.1
Project("{FAE04EC0-301F-11D3-BF4B-00C04F79EFBC}") = "Imagensita", "Imagensita\Imagensita.csproj", "{D7184645-A176-4591-A069-10DF7D38B38B}"
EndProject
Global
	GlobalSection(SolutionConfigurationPlatforms) = preSolution
		Debug|Any CPU = Debug|Any CPU
		Release|Any CPU = Release|Any CPU
	EndGlobalSection
	GlobalSection(ProjectConfigurationPlatforms) = postSolution
		{D7184645-A176-4591-A069-10DF7D38B38B}.Debug|Any CPU.ActiveCfg = Debug|Any CPU
		{D7184645-A176-4591-A069-10DF7D38B38B}.Debug|Any CPU.Build.0 = Debug|Any CPU
		{D7184645-A176-4591-A069-10DF7D38B38B}.Release|Any CPU.ActiveCfg = Release|Any CPU
		{D7184645-A176-4591-A069-10DF7D38B38B}.Release|Any CPU.Build.0 = Release|Any CPU
	EndGlobalSection
	GlobalSection(SolutionProperties) = preSolution
		HideSolutionNode = FALSE
	EndGlobalSection
	GlobalSection(ExtensibilityGlobals) = postSolution
		SolutionGuid = {C882EB15-8BAF-437C-80EA-C5462C764B6D}
	EndGlobalSection
EndGlobal
